
Microsoft Visual Studio Solution File, Format Version 12.00
# Visual Studio Version 16
VisualStudioVersion = 16.0.29806.167
MinimumVisualStudioVersion = 10.0.40219.1
Project("{FAE04EC0-301F-11D3-BF4B-00C04F79EFBC}") = "StudentCourse", "StudentCourse.csproj", "{C77303D9-3650-4CF0-A2E3-1358F3435833}"
EndProject
Global
	GlobalSection(SolutionConfigurationPlatforms) = preSolution
		Debug|Any CPU = Debug|Any CPU
		Release|Any CPU = Release|Any CPU
	EndGlobalSection
	GlobalSection(ProjectConfigurationPlatforms) = postSolution
		{C77303D9-3650-4CF0-A2E3-1358F3435833}.Debug|Any CPU.ActiveCfg = Debug|Any CPU
		{C77303D9-3650-4CF0-A2E3-1358F3435833}.Debug|Any CPU.Build.0 = Debug|Any CPU
		{C77303D9-3650-4CF0-A2E3-1358F3435833}.Release|Any CPU.ActiveCfg = Release|Any CPU
		{C77303D9-3650-4CF0-A2E3-1358F3435833}.Release|Any CPU.Build.0 = Release|Any CPU
	EndGlobalSection
	GlobalSection(SolutionProperties) = preSolution
		HideSolutionNode = FALSE
	EndGlobalSection
	GlobalSection(ExtensibilityGlobals) = postSolution
		SolutionGuid = {8158FEAB-DE51-4B0A-9C40-CF8A289020CA}
	EndGlobalSection
EndGlobal
